
Microsoft Visual Studio Solution File, Format Version 12.00
# Visual Studio Version 17
VisualStudioVersion = 17.4.33213.308
MinimumVisualStudioVersion = 10.0.40219.1
Project("{FAE04EC0-301F-11D3-BF4B-00C04F79EFBC}") = "MoviesAPI", "MoviesAPI\MoviesAPI.csproj", "{8276AF3A-CCF6-44F2-9F93-E8A9969D5865}"
EndProject
Global
	GlobalSection(SolutionConfigurationPlatforms) = preSolution
		Debug|Any CPU = Debug|Any CPU
		Release|Any CPU = Release|Any CPU
	EndGlobalSection
	GlobalSection(ProjectConfigurationPlatforms) = postSolution
		{8276AF3A-CCF6-44F2-9F93-E8A9969D5865}.Debug|Any CPU.ActiveCfg = Debug|Any CPU
		{8276AF3A-CCF6-44F2-9F93-E8A9969D5865}.Debug|Any CPU.Build.0 = Debug|Any CPU
		{8276AF3A-CCF6-44F2-9F93-E8A9969D5865}.Release|Any CPU.ActiveCfg = Release|Any CPU
		{8276AF3A-CCF6-44F2-9F93-E8A9969D5865}.Release|Any CPU.Build.0 = Release|Any CPU
	EndGlobalSection
	GlobalSection(SolutionProperties) = preSolution
		HideSolutionNode = FALSE
	EndGlobalSection
	GlobalSection(ExtensibilityGlobals) = postSolution
		SolutionGuid = {E1802DE8-9B86-446F-899D-B749FCE97E9E}
	EndGlobalSection
EndGlobal
